
Microsoft Visual Studio Solution File, Format Version 12.00
# Visual Studio Version 17
VisualStudioVersion = 17.11.35303.130
MinimumVisualStudioVersion = 10.0.40219.1
Project("{2150E333-8FDC-42A3-9474-1A3956D46DE8}") = "Task0", "Task0", "{1D07A97E-A0E1-4025-B6F5-5790EBB034C8}"
EndProject
Project("{9A19103F-16F7-4668-BE54-9A1E7A4F7556}") = "Tyuiu.KalashnikovPI.Sprint6.Task0.V2.Lib", "Tyuiu.KalashnikovPI.Sprint6.Task0.V2.Lib\Tyuiu.KalashnikovPI.Sprint6.Task0.V2.Lib.csproj", "{AD5F4636-8E4F-4C84-8949-CA326552C474}"
EndProject
Project("{9A19103F-16F7-4668-BE54-9A1E7A4F7556}") = "Tyuiu.KalashnikovPI.Sprint6.Task0.V2.Test", "Tyuiu.KalashnikovPI.Sprint6.Task0.V2.Test\Tyuiu.KalashnikovPI.Sprint6.Task0.V2.Test.csproj", "{7FEFCB78-410F-496C-B622-88DC50C6ACA2}"
EndProject
Project("{9A19103F-16F7-4668-BE54-9A1E7A4F7556}") = "Tyuiu.KalashnikovPI.Sprint6.Task0.V2", "Tyuiu.KalashnikovPI.Sprint6.Task0.V2\Tyuiu.KalashnikovPI.Sprint6.Task0.V2.csproj", "{212688B8-486B-4FE6-A6F4-7875F29E1FF2}"
EndProject
Project("{2150E333-8FDC-42A3-9474-1A3956D46DE8}") = "Task1", "Task1", "{D35B2A7C-4E74-42EA-8E70-F6F6C1A373CD}"
EndProject
Project("{9A19103F-16F7-4668-BE54-9A1E7A4F7556}") = "Tyuiu.KalashnikovPI.Sprint6.Task1.V3", "Tyuiu.KalashnikovPI.Sprint6.Task1.V3\Tyuiu.KalashnikovPI.Sprint6.Task1.V3.csproj", "{05A33AE8-5C6D-4C68-850D-7E323F26BF8D}"
EndProject
Project("{9A19103F-16F7-4668-BE54-9A1E7A4F7556}") = "Tyuiu.KalashnikovPI.Sprint6.Task1.V3.Lib", "Tyuiu.KalashnikovPI.Sprint6.Task1.V3.Lib\Tyuiu.KalashnikovPI.Sprint6.Task1.V3.Lib.csproj", "{379C688E-F94C-443D-8CB5-BF35822D6A2E}"
EndProject
Project("{9A19103F-16F7-4668-BE54-9A1E7A4F7556}") = "Tyuiu.KalashnikovPI.Sprint6.Task1.V3.Test", "Tyuiu.KalashnikovPI.Sprint6.Task1.V3.Test\Tyuiu.KalashnikovPI.Sprint6.Task1.V3.Test.csproj", "{B00757A8-FB50-42DE-A8C7-68F1AF6449C5}"
EndProject
Project("{2150E333-8FDC-42A3-9474-1A3956D46DE8}") = "Task2", "Task2", "{386D3803-0382-4683-9C9A-1C4AD001EC16}"
EndProject
Project("{9A19103F-16F7-4668-BE54-9A1E7A4F7556}") = "Tyuiu.KalashnikovPI.Sprint6.Task2.V2", "Tyuiu.KalashnikovPI.Sprint6.Task2.V2\Tyuiu.KalashnikovPI.Sprint6.Task2.V2.csproj", "{7551F2A0-3FCE-410C-81B4-DBB97BD03765}"
EndProject
Project("{9A19103F-16F7-4668-BE54-9A1E7A4F7556}") = "Tyuiu.KalashnikovPI.Sprint6.Task2.V2.Lib", "Tyuiu.KalashnikovPI.Sprint6.Task2.V2.Lib\Tyuiu.KalashnikovPI.Sprint6.Task2.V2.Lib.csproj", "{423275C3-CDF8-42EA-BBB2-7AAD850B710C}"
EndProject
Project("{9A19103F-16F7-4668-BE54-9A1E7A4F7556}") = "Tyuiu.KalashnikovPI.Sprint6.Task2.V2.Test", "Tyuiu.KalashnikovPI.Sprint6.Task2.V2.Test\Tyuiu.KalashnikovPI.Sprint6.Task2.V2.Test.csproj", "{5E4A1E3B-060F-40F8-9BAD-E5080C2C1944}"
EndProject
Project("{2150E333-8FDC-42A3-9474-1A3956D46DE8}") = "Task3", "Task3", "{C42CDE57-B00C-488F-9EEC-AFA45B672AC3}"
EndProject
Project("{FAE04EC0-301F-11D3-BF4B-00C04F79EFBC}") = "Tyuiu.KalashnikovPI.Sprint6.Task3.V20", "Tyuiu.KalashnikovPI.Sprint6.Task3.V20\Tyuiu.KalashnikovPI.Sprint6.Task3.V20.csproj", "{126FAA57-FB76-495B-9910-65FA10749D9F}"
EndProject
Project("{FAE04EC0-301F-11D3-BF4B-00C04F79EFBC}") = "Tyuiu.KalashnikovPI.Sprint6.Task3.V20.Lib", "Tyuiu.KalashnikovPI.Sprint6.Task3.V2.Lib\Tyuiu.KalashnikovPI.Sprint6.Task3.V20.Lib.csproj", "{4A497D81-C447-473B-8360-75586BBEB1FD}"
EndProject
Project("{FAE04EC0-301F-11D3-BF4B-00C04F79EFBC}") = "Tyuiu.KalashnikovPI.Sprint6.Task3.V20.Test", "Tyuiu.KalashnikovPI.Sprint6.Task3.V20.Test\Tyuiu.KalashnikovPI.Sprint6.Task3.V20.Test.csproj", "{89A19806-27D9-4889-BF39-78F1679CA4F2}"
EndProject
Project("{2150E333-8FDC-42A3-9474-1A3956D46DE8}") = "Task4", "Task4", "{93C8A1CF-1277-46EC-8001-508C9BAFA8A4}"
EndProject
Project("{FAE04EC0-301F-11D3-BF4B-00C04F79EFBC}") = "Tyuiu.KalashnikovPI.Sprint6.Task4.V8", "Tyuiu.KalashnikovPI.Sprint6.Task4.V8\Tyuiu.KalashnikovPI.Sprint6.Task4.V8.csproj", "{C855E643-960D-4B64-8B54-74EF3C45F2A2}"
EndProject
Project("{FAE04EC0-301F-11D3-BF4B-00C04F79EFBC}") = "Tyuiu.KalashnikovPI.Sprint6.Task4.V8.Lib", "Tyuiu.KalashnikovPI.Sprint6.Task4.V8.Lib\Tyuiu.KalashnikovPI.Sprint6.Task4.V8.Lib.csproj", "{4A7DB2F7-ADFA-412C-8760-000B0C7AF30E}"
EndProject
Project("{FAE04EC0-301F-11D3-BF4B-00C04F79EFBC}") = "Tyuiu.KalashnikovPI.Sprint6.Task4.V8.Test", "Tyuiu.KalashnikovPI.Sprint6.Task4.V8.Test\Tyuiu.KalashnikovPI.Sprint6.Task4.V8.Test.csproj", "{7E7C8315-2489-4A85-8A1E-AF08DE7D20B6}"
EndProject
Global
	GlobalSection(SolutionConfigurationPlatforms) = preSolution
		Debug|Any CPU = Debug|Any CPU
		Release|Any CPU = Release|Any CPU
	EndGlobalSection
	GlobalSection(ProjectConfigurationPlatforms) = postSolution
		{AD5F4636-8E4F-4C84-8949-CA326552C474}.Debug|Any CPU.ActiveCfg = Debug|Any CPU
		{AD5F4636-8E4F-4C84-8949-CA326552C474}.Debug|Any CPU.Build.0 = Debug|Any CPU
		{AD5F4636-8E4F-4C84-8949-CA326552C474}.Release|Any CPU.ActiveCfg = Release|Any CPU
		{AD5F4636-8E4F-4C84-8949-CA326552C474}.Release|Any CPU.Build.0 = Release|Any CPU
		{7FEFCB78-410F-496C-B622-88DC50C6ACA2}.Debug|Any CPU.ActiveCfg = Debug|Any CPU
		{7FEFCB78-410F-496C-B622-88DC50C6ACA2}.Debug|Any CPU.Build.0 = Debug|Any CPU
		{7FEFCB78-410F-496C-B622-88DC50C6ACA2}.Release|Any CPU.ActiveCfg = Release|Any CPU
		{7FEFCB78-410F-496C-B622-88DC50C6ACA2}.Release|Any CPU.Build.0 = Release|Any CPU
		{212688B8-486B-4FE6-A6F4-7875F29E1FF2}.Debug|Any CPU.ActiveCfg = Debug|Any CPU
		{212688B8-486B-4FE6-A6F4-7875F29E1FF2}.Debug|Any CPU.Build.0 = Debug|Any CPU
		{212688B8-486B-4FE6-A6F4-7875F29E1FF2}.Release|Any CPU.ActiveCfg = Release|Any CPU
		{212688B8-486B-4FE6-A6F4-7875F29E1FF2}.Release|Any CPU.Build.0 = Release|Any CPU
		{05A33AE8-5C6D-4C68-850D-7E323F26BF8D}.Debug|Any CPU.ActiveCfg = Debug|Any CPU
		{05A33AE8-5C6D-4C68-850D-7E323F26BF8D}.Debug|Any CPU.Build.0 = Debug|Any CPU
		{05A33AE8-5C6D-4C68-850D-7E323F26BF8D}.Release|Any CPU.ActiveCfg = Release|Any CPU
		{05A33AE8-5C6D-4C68-850D-7E323F26BF8D}.Release|Any CPU.Build.0 = Release|Any CPU
		{379C688E-F94C-443D-8CB5-BF35822D6A2E}.Debug|Any CPU.ActiveCfg = Debug|Any CPU
		{379C688E-F94C-443D-8CB5-BF35822D6A2E}.Debug|Any CPU.Build.0 = Debug|Any CPU
		{379C688E-F94C-443D-8CB5-BF35822D6A2E}.Release|Any CPU.ActiveCfg = Release|Any CPU
		{379C688E-F94C-443D-8CB5-BF35822D6A2E}.Release|Any CPU.Build.0 = Release|Any CPU
		{B00757A8-FB50-42DE-A8C7-68F1AF6449C5}.Debug|Any CPU.ActiveCfg = Debug|Any CPU
		{B00757A8-FB50-42DE-A8C7-68F1AF6449C5}.Debug|Any CPU.Build.0 = Debug|Any CPU
		{B00757A8-FB50-42DE-A8C7-68F1AF6449C5}.Release|Any CPU.ActiveCfg = Release|Any CPU
		{B00757A8-FB50-42DE-A8C7-68F1AF6449C5}.Release|Any CPU.Build.0 = Release|Any CPU
		{7551F2A0-3FCE-410C-81B4-DBB97BD03765}.Debug|Any CPU.ActiveCfg = Debug|Any CPU
		{7551F2A0-3FCE-410C-81B4-DBB97BD03765}.Debug|Any CPU.Build.0 = Debug|Any CPU
		{7551F2A0-3FCE-410C-81B4-DBB97BD03765}.Release|Any CPU.ActiveCfg = Release|Any CPU
		{7551F2A0-3FCE-410C-81B4-DBB97BD03765}.Release|Any CPU.Build.0 = Release|Any CPU
		{423275C3-CDF8-42EA-BBB2-7AAD850B710C}.Debug|Any CPU.ActiveCfg = Debug|Any CPU
		{423275C3-CDF8-42EA-BBB2-7AAD850B710C}.Debug|Any CPU.Build.0 = Debug|Any CPU
		{423275C3-CDF8-42EA-BBB2-7AAD850B710C}.Release|Any CPU.ActiveCfg = Release|Any CPU
		{423275C3-CDF8-42EA-BBB2-7AAD850B710C}.Release|Any CPU.Build.0 = Release|Any CPU
		{5E4A1E3B-060F-40F8-9BAD-E5080C2C1944}.Debug|Any CPU.ActiveCfg = Debug|Any CPU
		{5E4A1E3B-060F-40F8-9BAD-E5080C2C1944}.Debug|Any CPU.Build.0 = Debug|Any CPU
		{5E4A1E3B-060F-40F8-9BAD-E5080C2C1944}.Release|Any CPU.ActiveCfg = Release|Any CPU
		{5E4A1E3B-060F-40F8-9BAD-E5080C2C1944}.Release|Any CPU.Build.0 = Release|Any CPU
		{126FAA57-FB76-495B-9910-65FA10749D9F}.Debug|Any CPU.ActiveCfg = Debug|Any CPU
		{126FAA57-FB76-495B-9910-65FA10749D9F}.Debug|Any CPU.Build.0 = Debug|Any CPU
		{126FAA57-FB76-495B-9910-65FA10749D9F}.Release|Any CPU.ActiveCfg = Release|Any CPU
		{126FAA57-FB76-495B-9910-65FA10749D9F}.Release|Any CPU.Build.0 = Release|Any CPU
		{4A497D81-C447-473B-8360-75586BBEB1FD}.Debug|Any CPU.ActiveCfg = Debug|Any CPU
		{4A497D81-C447-473B-8360-75586BBEB1FD}.Debug|Any CPU.Build.0 = Debug|Any CPU
		{4A497D81-C447-473B-8360-75586BBEB1FD}.Release|Any CPU.ActiveCfg = Release|Any CPU
		{4A497D81-C447-473B-8360-75586BBEB1FD}.Release|Any CPU.Build.0 = Release|Any CPU
		{89A19806-27D9-4889-BF39-78F1679CA4F2}.Debug|Any CPU.ActiveCfg = Debug|Any CPU
		{89A19806-27D9-4889-BF39-78F1679CA4F2}.Debug|Any CPU.Build.0 = Debug|Any CPU
		{89A19806-27D9-4889-BF39-78F1679CA4F2}.Release|Any CPU.ActiveCfg = Release|Any CPU
		{89A19806-27D9-4889-BF39-78F1679CA4F2}.Release|Any CPU.Build.0 = Release|Any CPU
		{C855E643-960D-4B64-8B54-74EF3C45F2A2}.Debug|Any CPU.ActiveCfg = Debug|Any CPU
		{C855E643-960D-4B64-8B54-74EF3C45F2A2}.Debug|Any CPU.Build.0 = Debug|Any CPU
		{C855E643-960D-4B64-8B54-74EF3C45F2A2}.Release|Any CPU.ActiveCfg = Release|Any CPU
		{C855E643-960D-4B64-8B54-74EF3C45F2A2}.Release|Any CPU.Build.0 = Release|Any CPU
		{4A7DB2F7-ADFA-412C-8760-000B0C7AF30E}.Debug|Any CPU.ActiveCfg = Debug|Any CPU
		{4A7DB2F7-ADFA-412C-8760-000B0C7AF30E}.Debug|Any CPU.Build.0 = Debug|Any CPU
		{4A7DB2F7-ADFA-412C-8760-000B0C7AF30E}.Release|Any CPU.ActiveCfg = Release|Any CPU
		{4A7DB2F7-ADFA-412C-8760-000B0C7AF30E}.Release|Any CPU.Build.0 = Release|Any CPU
		{7E7C8315-2489-4A85-8A1E-AF08DE7D20B6}.Debug|Any CPU.ActiveCfg = Debug|Any CPU
		{7E7C8315-2489-4A85-8A1E-AF08DE7D20B6}.Debug|Any CPU.Build.0 = Debug|Any CPU
		{7E7C8315-2489-4A85-8A1E-AF08DE7D20B6}.Release|Any CPU.ActiveCfg = Release|Any CPU
		{7E7C8315-2489-4A85-8A1E-AF08DE7D20B6}.Release|Any CPU.Build.0 = Release|Any CPU
	EndGlobalSection
	GlobalSection(SolutionProperties) = preSolution
		HideSolutionNode = FALSE
	EndGlobalSection
	GlobalSection(NestedProjects) = preSolution
		{AD5F4636-8E4F-4C84-8949-CA326552C474} = {1D07A97E-A0E1-4025-B6F5-5790EBB034C8}
		{7FEFCB78-410F-496C-B622-88DC50C6ACA2} = {1D07A97E-A0E1-4025-B6F5-5790EBB034C8}
		{212688B8-486B-4FE6-A6F4-7875F29E1FF2} = {1D07A97E-A0E1-4025-B6F5-5790EBB034C8}
		{05A33AE8-5C6D-4C68-850D-7E323F26BF8D} = {D35B2A7C-4E74-42EA-8E70-F6F6C1A373CD}
		{379C688E-F94C-443D-8CB5-BF35822D6A2E} = {D35B2A7C-4E74-42EA-8E70-F6F6C1A373CD}
		{B00757A8-FB50-42DE-A8C7-68F1AF6449C5} = {D35B2A7C-4E74-42EA-8E70-F6F6C1A373CD}
		{7551F2A0-3FCE-410C-81B4-DBB97BD03765} = {386D3803-0382-4683-9C9A-1C4AD001EC16}
		{423275C3-CDF8-42EA-BBB2-7AAD850B710C} = {386D3803-0382-4683-9C9A-1C4AD001EC16}
		{5E4A1E3B-060F-40F8-9BAD-E5080C2C1944} = {386D3803-0382-4683-9C9A-1C4AD001EC16}
		{126FAA57-FB76-495B-9910-65FA10749D9F} = {C42CDE57-B00C-488F-9EEC-AFA45B672AC3}
		{4A497D81-C447-473B-8360-75586BBEB1FD} = {C42CDE57-B00C-488F-9EEC-AFA45B672AC3}
		{89A19806-27D9-4889-BF39-78F1679CA4F2} = {C42CDE57-B00C-488F-9EEC-AFA45B672AC3}
		{C855E643-960D-4B64-8B54-74EF3C45F2A2} = {93C8A1CF-1277-46EC-8001-508C9BAFA8A4}
		{4A7DB2F7-ADFA-412C-8760-000B0C7AF30E} = {93C8A1CF-1277-46EC-8001-508C9BAFA8A4}
		{7E7C8315-2489-4A85-8A1E-AF08DE7D20B6} = {93C8A1CF-1277-46EC-8001-508C9BAFA8A4}
	EndGlobalSection
	GlobalSection(ExtensibilityGlobals) = postSolution
		SolutionGuid = {B5ECE39E-D507-4C98-A71D-202619D4C67A}
	EndGlobalSection
EndGlobal
